
Microsoft Visual Studio Solution File, Format Version 12.00
# Visual Studio Version 16
VisualStudioVersion = 16.0.30406.217
MinimumVisualStudioVersion = 10.0.40219.1
Project("{FAE04EC0-301F-11D3-BF4B-00C04F79EFBC}") = "MyMatchingGame", "MyMatchingGame\MyMatchingGame.csproj", "{BDAB6D86-5C4A-4B2B-9B4B-06616ECC9A77}"
EndProject
Global
	GlobalSection(SolutionConfigurationPlatforms) = preSolution
		Debug|Any CPU = Debug|Any CPU
		Release|Any CPU = Release|Any CPU
	EndGlobalSection
	GlobalSection(ProjectConfigurationPlatforms) = postSolution
		{BDAB6D86-5C4A-4B2B-9B4B-06616ECC9A77}.Debug|Any CPU.ActiveCfg = Debug|Any CPU
		{BDAB6D86-5C4A-4B2B-9B4B-06616ECC9A77}.Debug|Any CPU.Build.0 = Debug|Any CPU
		{BDAB6D86-5C4A-4B2B-9B4B-06616ECC9A77}.Release|Any CPU.ActiveCfg = Release|Any CPU
		{BDAB6D86-5C4A-4B2B-9B4B-06616ECC9A77}.Release|Any CPU.Build.0 = Release|Any CPU
	EndGlobalSection
	GlobalSection(SolutionProperties) = preSolution
		HideSolutionNode = FALSE
	EndGlobalSection
	GlobalSection(ExtensibilityGlobals) = postSolution
		SolutionGuid = {4E6E38E6-9D43-40C0-8657-546664403FD1}
	EndGlobalSection
EndGlobal
